{
  "name": "new_OHN",
  "lockfileVersion": 3,
  "requires": true,
  "packages": {
    "": {
      "dependencies": {
        "plotly.js-dist": "^3.0.0"
      }
    },
    "node_modules/plotly.js-dist": {
      "version": "3.0.0",
      "resolved": "https://registry.npmjs.org/plotly.js-dist/-/plotly.js-dist-3.0.0.tgz",
      "integrity": "sha512-CNr8bcGVOOjCqMD1t4KWy+7ikJOuxCK1nR0TRAmlKwz6tu+1oM0JlWgmRlRYlSgpqLJyEIvqNaO/Ajr268fmPw=="
    }
  }
}
